// !$*UTF8*$!
{
	archiveVersion = 1;
	classes = {
	};
	objectVersion = 50;
	objects = {

/* Begin PBXBuildFile section */
		ED20474423C8C4FD0083B1FA /* AppDelegate.swift in Sources */ = {isa = PBXBuildFile; fileRef = ED20474323C8C4FD0083B1FA /* AppDelegate.swift */; };
		ED20474623C8C4FD0083B1FA /* SceneDelegate.swift in Sources */ = {isa = PBXBuildFile; fileRef = ED20474523C8C4FD0083B1FA /* SceneDelegate.swift */; };
		ED20474823C8C4FD0083B1FA /* LoginController.swift in Sources */ = {isa = PBXBuildFile; fileRef = ED20474723C8C4FD0083B1FA /* LoginController.swift */; };
		ED20474B23C8C4FD0083B1FA /* Main.storyboard in Resources */ = {isa = PBXBuildFile; fileRef = ED20474923C8C4FD0083B1FA /* Main.storyboard */; };
		ED20474D23C8C5000083B1FA /* Assets.xcassets in Resources */ = {isa = PBXBuildFile; fileRef = ED20474C23C8C5000083B1FA /* Assets.xcassets */; };
		ED20475023C8C5000083B1FA /* LaunchScreen.storyboard in Resources */ = {isa = PBXBuildFile; fileRef = ED20474E23C8C5000083B1FA /* LaunchScreen.storyboard */; };
		EDFBE3A123DE0F1000B44F39 /* GroupsTableViewController.swift in Sources */ = {isa = PBXBuildFile; fileRef = EDFBE3A023DE0F1000B44F39 /* GroupsTableViewController.swift */; };
		EDFBE3A323DE151D00B44F39 /* GroupsTableViewCell.swift in Sources */ = {isa = PBXBuildFile; fileRef = EDFBE3A223DE151D00B44F39 /* GroupsTableViewCell.swift */; };
		EDFBE3A623DE1F0D00B44F39 /* MyGroupsTableViewCell.swift in Sources */ = {isa = PBXBuildFile; fileRef = EDFBE3A523DE1F0D00B44F39 /* MyGroupsTableViewCell.swift */; };
		EDFBE3A823DE1F2500B44F39 /* MyGroupsTableViewController.swift in Sources */ = {isa = PBXBuildFile; fileRef = EDFBE3A723DE1F2500B44F39 /* MyGroupsTableViewController.swift */; };
/* End PBXBuildFile section */

/* Begin PBXFileReference section */
		ED20474023C8C4FD0083B1FA /* vK-App.app */ = {isa = PBXFileReference; explicitFileType = wrapper.application; includeInIndex = 0; path = "vK-App.app"; sourceTree = BUILT_PRODUCTS_DIR; };
		ED20474323C8C4FD0083B1FA /* AppDelegate.swift */ = {isa = PBXFileReference; lastKnownFileType = sourcecode.swift; path = AppDelegate.swift; sourceTree = "<group>"; };
		ED20474523C8C4FD0083B1FA /* SceneDelegate.swift */ = {isa = PBXFileReference; lastKnownFileType = sourcecode.swift; path = SceneDelegate.swift; sourceTree = "<group>"; };
		ED20474723C8C4FD0083B1FA /* LoginController.swift */ = {isa = PBXFileReference; lastKnownFileType = sourcecode.swift; path = LoginController.swift; sourceTree = "<group>"; };
		ED20474A23C8C4FD0083B1FA /* Base */ = {isa = PBXFileReference; lastKnownFileType = file.storyboard; name = Base; path = Base.lproj/Main.storyboard; sourceTree = "<group>"; };
		ED20474C23C8C5000083B1FA /* Assets.xcassets */ = {isa = PBXFileReference; lastKnownFileType = folder.assetcatalog; path = Assets.xcassets; sourceTree = "<group>"; };
		ED20474F23C8C5000083B1FA /* Base */ = {isa = PBXFileReference; lastKnownFileType = file.storyboard; name = Base; path = Base.lproj/LaunchScreen.storyboard; sourceTree = "<group>"; };
		ED20475123C8C5000083B1FA /* Info.plist */ = {isa = PBXFileReference; lastKnownFileType = text.plist.xml; path = Info.plist; sourceTree = "<group>"; };
		EDFBE3A023DE0F1000B44F39 /* GroupsTableViewController.swift */ = {isa = PBXFileReference; lastKnownFileType = sourcecode.swift; path = GroupsTableViewController.swift; sourceTree = "<group>"; };
		EDFBE3A223DE151D00B44F39 /* GroupsTableViewCell.swift */ = {isa = PBXFileReference; lastKnownFileType = sourcecode.swift; path = GroupsTableViewCell.swift; sourceTree = "<group>"; };
		EDFBE3A523DE1F0D00B44F39 /* MyGroupsTableViewCell.swift */ = {isa = PBXFileReference; lastKnownFileType = sourcecode.swift; path = MyGroupsTableViewCell.swift; sourceTree = "<group>"; };
		EDFBE3A723DE1F2500B44F39 /* MyGroupsTableViewController.swift */ = {isa = PBXFileReference; lastKnownFileType = sourcecode.swift; path = MyGroupsTableViewController.swift; sourceTree = "<group>"; };
/* End PBXFileReference section */

/* Begin PBXFrameworksBuildPhase section */
		ED20473D23C8C4FD0083B1FA /* Frameworks */ = {
			isa = PBXFrameworksBuildPhase;
			buildActionMask = 2147483647;
			files = (
			);
			runOnlyForDeploymentPostprocessing = 0;
		};
/* End PBXFrameworksBuildPhase section */

/* Begin PBXGroup section */
		ED20473723C8C4FD0083B1FA = {
			isa = PBXGroup;
			children = (
				ED20474223C8C4FD0083B1FA /* vK-App */,
				ED20474123C8C4FD0083B1FA /* Products */,
			);
			sourceTree = "<group>";
		};
		ED20474123C8C4FD0083B1FA /* Products */ = {
			isa = PBXGroup;
			children = (
				ED20474023C8C4FD0083B1FA /* vK-App.app */,
			);
			name = Products;
			sourceTree = "<group>";
		};
		ED20474223C8C4FD0083B1FA /* vK-App */ = {
			isa = PBXGroup;
			children = (
				EDFBE3A423DE1EF500B44F39 /* MyGroups */,
				EDFBE39F23DE0E0E00B44F39 /* Friends */,
				EDFBE39E23DE0DFF00B44F39 /* Groups */,
				ED20474323C8C4FD0083B1FA /* AppDelegate.swift */,
				ED20474523C8C4FD0083B1FA /* SceneDelegate.swift */,
				ED20474723C8C4FD0083B1FA /* LoginController.swift */,
				ED20474923C8C4FD0083B1FA /* Main.storyboard */,
				ED20474C23C8C5000083B1FA /* Assets.xcassets */,
				ED20474E23C8C5000083B1FA /* LaunchScreen.storyboard */,
				ED20475123C8C5000083B1FA /* Info.plist */,
			);
			path = "vK-App";
			sourceTree = "<group>";
		};
		EDFBE39E23DE0DFF00B44F39 /* Groups */ = {
			isa = PBXGroup;
			children = (
				EDFBE3A023DE0F1000B44F39 /* GroupsTableViewController.swift */,
				EDFBE3A223DE151D00B44F39 /* GroupsTableViewCell.swift */,
			);
			path = Groups;
			sourceTree = "<group>";
		};
		EDFBE39F23DE0E0E00B44F39 /* Friends */ = {
			isa = PBXGroup;
			children = (
			);
			path = Friends;
			sourceTree = "<group>";
		};
		EDFBE3A423DE1EF500B44F39 /* MyGroups */ = {
			isa = PBXGroup;
			children = (
				EDFBE3A523DE1F0D00B44F39 /* MyGroupsTableViewCell.swift */,
				EDFBE3A723DE1F2500B44F39 /* MyGroupsTableViewController.swift */,
			);
			path = MyGroups;
			sourceTree = "<group>";
		};
/* End PBXGroup section */

/* Begin PBXNativeTarget section */
		ED20473F23C8C4FD0083B1FA /* vK-App */ = {
			isa = PBXNativeTarget;
			buildConfigurationList = ED20475423C8C5000083B1FA /* Build configuration list for PBXNativeTarget "vK-App" */;
			buildPhases = (
				ED20473C23C8C4FD0083B1FA /* Sources */,
				ED20473D23C8C4FD0083B1FA /* Frameworks */,
				ED20473E23C8C4FD0083B1FA /* Resources */,
			);
			buildRules = (
			);
			dependencies = (
			);
			name = "vK-App";
			productName = "vK-App";
			productReference = ED20474023C8C4FD0083B1FA /* vK-App.app */;
			productType = "com.apple.product-type.application";
		};
/* End PBXNativeTarget section */

/* Begin PBXProject section */
		ED20473823C8C4FD0083B1FA /* Project object */ = {
			isa = PBXProject;
			attributes = {
				LastSwiftUpdateCheck = 1130;
				LastUpgradeCheck = 1130;
				ORGANIZATIONNAME = "Aleksandr Kosarev";
				TargetAttributes = {
					ED20473F23C8C4FD0083B1FA = {
						CreatedOnToolsVersion = 11.3;
					};
				};
			};
			buildConfigurationList = ED20473B23C8C4FD0083B1FA /* Build configuration list for PBXProject "vK-App" */;
			compatibilityVersion = "Xcode 9.3";
			developmentRegion = en;
			hasScannedForEncodings = 0;
			knownRegions = (
				en,
				Base,
			);
			mainGroup = ED20473723C8C4FD0083B1FA;
			productRefGroup = ED20474123C8C4FD0083B1FA /* Products */;
			projectDirPath = "";
			projectRoot = "";
			targets = (
				ED20473F23C8C4FD0083B1FA /* vK-App */,
			);
		};
/* End PBXProject section */

/* Begin PBXResourcesBuildPhase section */
		ED20473E23C8C4FD0083B1FA /* Resources */ = {
			isa = PBXResourcesBuildPhase;
			buildActionMask = 2147483647;
			files = (
				ED20475023C8C5000083B1FA /* LaunchScreen.storyboard in Resources */,
				ED20474D23C8C5000083B1FA /* Assets.xcassets in Resources */,
				ED20474B23C8C4FD0083B1FA /* Main.storyboard in Resources */,
			);
			runOnlyForDeploymentPostprocessing = 0;
		};
/* End PBXResourcesBuildPhase section */

/* Begin PBXSourcesBuildPhase section */
		ED20473C23C8C4FD0083B1FA /* Sources */ = {
			isa = PBXSourcesBuildPhase;
			buildActionMask = 2147483647;
			files = (
				EDFBE3A323DE151D00B44F39 /* GroupsTableViewCell.swift in Sources */,
				ED20474823C8C4FD0083B1FA /* LoginController.swift in Sources */,
				EDFBE3A823DE1F2500B44F39 /* MyGroupsTableViewController.swift in Sources */,
				EDFBE3A123DE0F1000B44F39 /* GroupsTableViewController.swift in Sources */,
				ED20474423C8C4FD0083B1FA /* AppDelegate.swift in Sources */,
				ED20474623C8C4FD0083B1FA /* SceneDelegate.swift in Sources */,
				EDFBE3A623DE1F0D00B44F39 /* MyGroupsTableViewCell.swift in Sources */,
			);
			runOnlyForDeploymentPostprocessing = 0;
		};
/* End PBXSourcesBuildPhase section */

/* Begin PBXVariantGroup section */
		ED20474923C8C4FD0083B1FA /* Main.storyboard */ = {
			isa = PBXVariantGroup;
			children = (
				ED20474A23C8C4FD0083B1FA /* Base */,
			);
			name = Main.storyboard;
			sourceTree = "<group>";
		};
		ED20474E23C8C5000083B1FA /* LaunchScreen.storyboard */ = {
			isa = PBXVariantGroup;
			children = (
				ED20474F23C8C5000083B1FA /* Base */,
			);
			name = LaunchScreen.storyboard;
			sourceTree = "<group>";
		};
/* End PBXVariantGroup section */

/* Begin XCBuildConfiguration section */
		ED20475223C8C5000083B1FA /* Debug */ = {
			isa = XCBuildConfiguration;
			buildSettings = {
				ALWAYS_SEARCH_USER_PATHS = NO;
				CLANG_ANALYZER_NONNULL = YES;
				CLANG_ANALYZER_NUMBER_OBJECT_CONVERSION = YES_AGGRESSIVE;
				CLANG_CXX_LANGUAGE_STANDARD = "gnu++14";
				CLANG_CXX_LIBRARY = "libc++";
				CLANG_ENABLE_MODULES = YES;
				CLANG_ENABLE_OBJC_ARC = YES;
				CLANG_ENABLE_OBJC_WEAK = YES;
				CLANG_WARN_BLOCK_CAPTURE_AUTORELEASING = YES;
				CLANG_WARN_BOOL_CONVERSION = YES;
				CLANG_WARN_COMMA = YES;
				CLANG_WARN_CONSTANT_CONVERSION = YES;
				CLANG_WARN_DEPRECATED_OBJC_IMPLEMENTATIONS = YES;
				CLANG_WARN_DIRECT_OBJC_ISA_USAGE = YES_ERROR;
				CLANG_WARN_DOCUMENTATION_COMMENTS = YES;
				CLANG_WARN_EMPTY_BODY = YES;
				CLANG_WARN_ENUM_CONVERSION = YES;
				CLANG_WARN_INFINITE_RECURSION = YES;
				CLANG_WARN_INT_CONVERSION = YES;
				CLANG_WARN_NON_LITERAL_NULL_CONVERSION = YES;
				CLANG_WARN_OBJC_IMPLICIT_RETAIN_SELF = YES;
				CLANG_WARN_OBJC_LITERAL_CONVERSION = YES;
				CLANG_WARN_OBJC_ROOT_CLASS = YES_ERROR;
				CLANG_WARN_RANGE_LOOP_ANALYSIS = YES;
				CLANG_WARN_STRICT_PROTOTYPES = YES;
				CLANG_WARN_SUSPICIOUS_MOVE = YES;
				CLANG_WARN_UNGUARDED_AVAILABILITY = YES_AGGRESSIVE;
				CLANG_WARN_UNREACHABLE_CODE = YES;
				CLANG_WARN__DUPLICATE_METHOD_MATCH = YES;
				COPY_PHASE_STRIP = NO;
				DEBUG_INFORMATION_FORMAT = dwarf;
				ENABLE_STRICT_OBJC_MSGSEND = YES;
				ENABLE_TESTABILITY = YES;
				GCC_C_LANGUAGE_STANDARD = gnu11;
				GCC_DYNAMIC_NO_PIC = NO;
				GCC_NO_COMMON_BLOCKS = YES;
				GCC_OPTIMIZATION_LEVEL = 0;
				GCC_PREPROCESSOR_DEFINITIONS = (
					"DEBUG=1",
					"$(inherited)",
				);
				GCC_WARN_64_TO_32_BIT_CONVERSION = YES;
				GCC_WARN_ABOUT_RETURN_TYPE = YES_ERROR;
				GCC_WARN_UNDECLARED_SELECTOR = YES;
				GCC_WARN_UNINITIALIZED_AUTOS = YES_AGGRESSIVE;
				GCC_WARN_UNUSED_FUNCTION = YES;
				GCC_WARN_UNUSED_VARIABLE = YES;
				IPHONEOS_DEPLOYMENT_TARGET = 13.2;
				MTL_ENABLE_DEBUG_INFO = INCLUDE_SOURCE;
				MTL_FAST_MATH = YES;
				ONLY_ACTIVE_ARCH = YES;
				SDKROOT = iphoneos;
				SWIFT_ACTIVE_COMPILATION_CONDITIONS = DEBUG;
				SWIFT_OPTIMIZATION_LEVEL = "-Onone";
			};
			name = Debug;
		};
		ED20475323C8C5000083B1FA /* Release */ = {
			isa = XCBuildConfiguration;
			buildSettings = {
				ALWAYS_SEARCH_USER_PATHS = NO;
				CLANG_ANALYZER_NONNULL = YES;
				CLANG_ANALYZER_NUMBER_OBJECT_CONVERSION = YES_AGGRESSIVE;
				CLANG_CXX_LANGUAGE_STANDARD = "gnu++14";
				CLANG_CXX_LIBRARY = "libc++";
				CLANG_ENABLE_MODULES = YES;
				CLANG_ENABLE_OBJC_ARC = YES;
				CLANG_ENABLE_OBJC_WEAK = YES;
				CLANG_WARN_BLOCK_CAPTURE_AUTORELEASING = YES;
				CLANG_WARN_BOOL_CONVERSION = YES;
				CLANG_WARN_COMMA = YES;
				CLANG_WARN_CONSTANT_CONVERSION = YES;
				CLANG_WARN_DEPRECATED_OBJC_IMPLEMENTATIONS = YES;
				CLANG_WARN_DIRECT_OBJC_ISA_USAGE = YES_ERROR;
				CLANG_WARN_DOCUMENTATION_COMMENTS = YES;
				CLANG_WARN_EMPTY_BODY = YES;
				CLANG_WARN_ENUM_CONVERSION = YES;
				CLANG_WARN_INFINITE_RECURSION = YES;
				CLANG_WARN_INT_CONVERSION = YES;
				CLANG_WARN_NON_LITERAL_NULL_CONVERSION = YES;
				CLANG_WARN_OBJC_IMPLICIT_RETAIN_SELF = YES;
				CLANG_WARN_OBJC_LITERAL_CONVERSION = YES;
				CLANG_WARN_OBJC_ROOT_CLASS = YES_ERROR;
				CLANG_WARN_RANGE_LOOP_ANALYSIS = YES;
				CLANG_WARN_STRICT_PROTOTYPES = YES;
				CLANG_WARN_SUSPICIOUS_MOVE = YES;
				CLANG_WARN_UNGUARDED_AVAILABILITY = YES_AGGRESSIVE;
				CLANG_WARN_UNREACHABLE_CODE = YES;
				CLANG_WARN__DUPLICATE_METHOD_MATCH = YES;
				COPY_PHASE_STRIP = NO;
				DEBUG_INFORMATION_FORMAT = "dwarf-with-dsym";
				ENABLE_NS_ASSERTIONS = NO;
				ENABLE_STRICT_OBJC_MSGSEND = YES;
				GCC_C_LANGUAGE_STANDARD = gnu11;
				GCC_NO_COMMON_BLOCKS = YES;
				GCC_WARN_64_TO_32_BIT_CONVERSION = YES;
				GCC_WARN_ABOUT_RETURN_TYPE = YES_ERROR;
				GCC_WARN_UNDECLARED_SELECTOR = YES;
				GCC_WARN_UNINITIALIZED_AUTOS = YES_AGGRESSIVE;
				GCC_WARN_UNUSED_FUNCTION = YES;
				GCC_WARN_UNUSED_VARIABLE = YES;
				IPHONEOS_DEPLOYMENT_TARGET = 13.2;
				MTL_ENABLE_DEBUG_INFO = NO;
				MTL_FAST_MATH = YES;
				SDKROOT = iphoneos;
				SWIFT_COMPILATION_MODE = wholemodule;
				SWIFT_OPTIMIZATION_LEVEL = "-O";
				VALIDATE_PRODUCT = YES;
			};
			name = Release;
		};
		ED20475523C8C5000083B1FA /* Debug */ = {
			isa = XCBuildConfiguration;
			buildSettings = {
				ASSETCATALOG_COMPILER_APPICON_NAME = AppIcon;
				CODE_SIGN_STYLE = Automatic;
				DEVELOPMENT_TEAM = 9U739N8U7K;
				INFOPLIST_FILE = "vK-App/Info.plist";
				LD_RUNPATH_SEARCH_PATHS = (
					"$(inherited)",
					"@executable_path/Frameworks",
				);
				PRODUCT_BUNDLE_IDENTIFIER = "ZveroKos.TV.vK-App";
				PRODUCT_NAME = "$(TARGET_NAME)";
				SWIFT_VERSION = 5.0;
				TARGETED_DEVICE_FAMILY = "1,2";
			};
			name = Debug;
		};
		ED20475623C8C5000083B1FA /* Release */ = {
			isa = XCBuildConfiguration;
			buildSettings = {
				ASSETCATALOG_COMPILER_APPICON_NAME = AppIcon;
				CODE_SIGN_STYLE = Automatic;
				DEVELOPMENT_TEAM = 9U739N8U7K;
				INFOPLIST_FILE = "vK-App/Info.plist";
				LD_RUNPATH_SEARCH_PATHS = (
					"$(inherited)",
					"@executable_path/Frameworks",
				);
				PRODUCT_BUNDLE_IDENTIFIER = "ZveroKos.TV.vK-App";
				PRODUCT_NAME = "$(TARGET_NAME)";
				SWIFT_VERSION = 5.0;
				TARGETED_DEVICE_FAMILY = "1,2";
			};
			name = Release;
		};
/* End XCBuildConfiguration section */

/* Begin XCConfigurationList section */
		ED20473B23C8C4FD0083B1FA /* Build configuration list for PBXProject "vK-App" */ = {
			isa = XCConfigurationList;
			buildConfigurations = (
				ED20475223C8C5000083B1FA /* Debug */,
				ED20475323C8C5000083B1FA /* Release */,
			);
			defaultConfigurationIsVisible = 0;
			defaultConfigurationName = Release;
		};
		ED20475423C8C5000083B1FA /* Build configuration list for PBXNativeTarget "vK-App" */ = {
			isa = XCConfigurationList;
			buildConfigurations = (
				ED20475523C8C5000083B1FA /* Debug */,
				ED20475623C8C5000083B1FA /* Release */,
			);
			defaultConfigurationIsVisible = 0;
			defaultConfigurationName = Release;
		};
/* End XCConfigurationList section */
	};
	rootObject = ED20473823C8C4FD0083B1FA /* Project object */;
}
